
Microsoft Visual Studio Solution File, Format Version 12.00
# Visual Studio Version 17
VisualStudioVersion = 17.0.32126.317
MinimumVisualStudioVersion = 10.0.40219.1
Project("{FAE04EC0-301F-11D3-BF4B-00C04F79EFBC}") = "MarsQA-1", "MarsQA-1.csproj", "{3FC44332-D174-4A0A-9114-9F6AEB63756B}"
EndProject
Global
	GlobalSection(SolutionConfigurationPlatforms) = preSolution
		Debug|Any CPU = Debug|Any CPU
		Release|Any CPU = Release|Any CPU
	EndGlobalSection
	GlobalSection(ProjectConfigurationPlatforms) = postSolution
		{3FC44332-D174-4A0A-9114-9F6AEB63756B}.Debug|Any CPU.ActiveCfg = Debug|Any CPU
		{3FC44332-D174-4A0A-9114-9F6AEB63756B}.Debug|Any CPU.Build.0 = Debug|Any CPU
		{3FC44332-D174-4A0A-9114-9F6AEB63756B}.Release|Any CPU.ActiveCfg = Release|Any CPU
		{3FC44332-D174-4A0A-9114-9F6AEB63756B}.Release|Any CPU.Build.0 = Release|Any CPU
	EndGlobalSection
	GlobalSection(SolutionProperties) = preSolution
		HideSolutionNode = FALSE
	EndGlobalSection
	GlobalSection(ExtensibilityGlobals) = postSolution
		SolutionGuid = {EC151208-1E83-4A24-8057-CB8908A25F24}
	EndGlobalSection
EndGlobal
